// !$*UTF8*$!
{
	archiveVersion = 1;
	classes = {
	};
	objectVersion = 51;
	objects = {

/* Begin PBXBuildFile section */
		14A5F332231E577F028D5F1D /* Pods_GeoPos_GeoPosUITests.framework in Frameworks */ = {isa = PBXBuildFile; fileRef = 44210089606CF484F08C582A /* Pods_GeoPos_GeoPosUITests.framework */; };
		3438DD6626161DFB007D1606 /* AppDelegate.swift in Sources */ = {isa = PBXBuildFile; fileRef = 3438DD6526161DFB007D1606 /* AppDelegate.swift */; };
		3438DD6826161DFB007D1606 /* SceneDelegate.swift in Sources */ = {isa = PBXBuildFile; fileRef = 3438DD6726161DFB007D1606 /* SceneDelegate.swift */; };
		3438DD6D26161DFB007D1606 /* Main.storyboard in Resources */ = {isa = PBXBuildFile; fileRef = 3438DD6B26161DFB007D1606 /* Main.storyboard */; };
		3438DD6F26161DFD007D1606 /* Assets.xcassets in Resources */ = {isa = PBXBuildFile; fileRef = 3438DD6E26161DFD007D1606 /* Assets.xcassets */; };
		3438DD7226161DFD007D1606 /* LaunchScreen.storyboard in Resources */ = {isa = PBXBuildFile; fileRef = 3438DD7026161DFD007D1606 /* LaunchScreen.storyboard */; };
		3438DD7D26161DFD007D1606 /* GeoPosTests.swift in Sources */ = {isa = PBXBuildFile; fileRef = 3438DD7C26161DFD007D1606 /* GeoPosTests.swift */; };
		3438DD8826161DFD007D1606 /* GeoPosUITests.swift in Sources */ = {isa = PBXBuildFile; fileRef = 3438DD8726161DFD007D1606 /* GeoPosUITests.swift */; };
		3438DD962616274E007D1606 /* Secrets.swift in Sources */ = {isa = PBXBuildFile; fileRef = 3438DD952616274E007D1606 /* Secrets.swift */; };
		3438DD98261B5F9E007D1606 /* DBService.swift in Sources */ = {isa = PBXBuildFile; fileRef = 3438DD97261B5F9E007D1606 /* DBService.swift */; };
		3438DDA0261CBA3A007D1606 /* MapPresenter.swift in Sources */ = {isa = PBXBuildFile; fileRef = 3438DD9A261CBA3A007D1606 /* MapPresenter.swift */; };
		3438DDA3261CBA3A007D1606 /* MapModels.swift in Sources */ = {isa = PBXBuildFile; fileRef = 3438DD9D261CBA3A007D1606 /* MapModels.swift */; };
		3438DDA4261CBA3A007D1606 /* MapViewController.swift in Sources */ = {isa = PBXBuildFile; fileRef = 3438DD9E261CBA3A007D1606 /* MapViewController.swift */; };
		3438DDA5261CBA3A007D1606 /* MapInteractor.swift in Sources */ = {isa = PBXBuildFile; fileRef = 3438DD9F261CBA3A007D1606 /* MapInteractor.swift */; };
		3438DDA82620335E007D1606 /* Coordinate.swift in Sources */ = {isa = PBXBuildFile; fileRef = 3438DDA72620335E007D1606 /* Coordinate.swift */; };
		3438DDAB26203442007D1606 /* User.swift in Sources */ = {isa = PBXBuildFile; fileRef = 3438DDAA26203442007D1606 /* User.swift */; };
		3438DDAE26203B02007D1606 /* AuthViewController.swift in Sources */ = {isa = PBXBuildFile; fileRef = 3438DDAD26203B02007D1606 /* AuthViewController.swift */; };
		3438DDB026208DCC007D1606 /* BaseCoordinator.swift in Sources */ = {isa = PBXBuildFile; fileRef = 3438DDAF26208DCC007D1606 /* BaseCoordinator.swift */; };
		3438DDB226208E41007D1606 /* ApplicationCoordinator.swift in Sources */ = {isa = PBXBuildFile; fileRef = 3438DDB126208E41007D1606 /* ApplicationCoordinator.swift */; };
		3438DDB426208EE5007D1606 /* MapCoordinator.swift in Sources */ = {isa = PBXBuildFile; fileRef = 3438DDB326208EE5007D1606 /* MapCoordinator.swift */; };
		3438DDB626208FB8007D1606 /* Storyboard.swift in Sources */ = {isa = PBXBuildFile; fileRef = 3438DDB526208FB8007D1606 /* Storyboard.swift */; };
		3438DDB826209208007D1606 /* AuthCoordinator.swift in Sources */ = {isa = PBXBuildFile; fileRef = 3438DDB726209208007D1606 /* AuthCoordinator.swift */; };
		7587DAD1A104781423BB83D6 /* Pods_GeoPos.framework in Frameworks */ = {isa = PBXBuildFile; fileRef = 694DFC1F3EDB51806E2D5043 /* Pods_GeoPos.framework */; };
		E11959D5F503BCB6A9C87EE1 /* Pods_GeoPosTests.framework in Frameworks */ = {isa = PBXBuildFile; fileRef = 7F1CD600CA0DD057F2FE71F0 /* Pods_GeoPosTests.framework */; };
/* End PBXBuildFile section */

/* Begin PBXContainerItemProxy section */
		3438DD7926161DFD007D1606 /* PBXContainerItemProxy */ = {
			isa = PBXContainerItemProxy;
			containerPortal = 3438DD5A26161DFB007D1606 /* Project object */;
			proxyType = 1;
			remoteGlobalIDString = 3438DD6126161DFB007D1606;
			remoteInfo = GeoPos;
		};
		3438DD8426161DFD007D1606 /* PBXContainerItemProxy */ = {
			isa = PBXContainerItemProxy;
			containerPortal = 3438DD5A26161DFB007D1606 /* Project object */;
			proxyType = 1;
			remoteGlobalIDString = 3438DD6126161DFB007D1606;
			remoteInfo = GeoPos;
		};
/* End PBXContainerItemProxy section */

/* Begin PBXFileReference section */
		1530AAA11FCFA56054BC9BB7 /* Pods-GeoPos.release.xcconfig */ = {isa = PBXFileReference; includeInIndex = 1; lastKnownFileType = text.xcconfig; name = "Pods-GeoPos.release.xcconfig"; path = "Target Support Files/Pods-GeoPos/Pods-GeoPos.release.xcconfig"; sourceTree = "<group>"; };
		3438DD6226161DFB007D1606 /* GeoPos.app */ = {isa = PBXFileReference; explicitFileType = wrapper.application; includeInIndex = 0; path = GeoPos.app; sourceTree = BUILT_PRODUCTS_DIR; };
		3438DD6526161DFB007D1606 /* AppDelegate.swift */ = {isa = PBXFileReference; lastKnownFileType = sourcecode.swift; path = AppDelegate.swift; sourceTree = "<group>"; };
		3438DD6726161DFB007D1606 /* SceneDelegate.swift */ = {isa = PBXFileReference; lastKnownFileType = sourcecode.swift; path = SceneDelegate.swift; sourceTree = "<group>"; };
		3438DD6C26161DFB007D1606 /* Base */ = {isa = PBXFileReference; lastKnownFileType = file.storyboard; name = Base; path = Base.lproj/Main.storyboard; sourceTree = "<group>"; };
		3438DD6E26161DFD007D1606 /* Assets.xcassets */ = {isa = PBXFileReference; lastKnownFileType = folder.assetcatalog; path = Assets.xcassets; sourceTree = "<group>"; };
		3438DD7126161DFD007D1606 /* Base */ = {isa = PBXFileReference; lastKnownFileType = file.storyboard; name = Base; path = Base.lproj/LaunchScreen.storyboard; sourceTree = "<group>"; };
		3438DD7326161DFD007D1606 /* Info.plist */ = {isa = PBXFileReference; lastKnownFileType = text.plist.xml; path = Info.plist; sourceTree = "<group>"; };
		3438DD7826161DFD007D1606 /* GeoPosTests.xctest */ = {isa = PBXFileReference; explicitFileType = wrapper.cfbundle; includeInIndex = 0; path = GeoPosTests.xctest; sourceTree = BUILT_PRODUCTS_DIR; };
		3438DD7C26161DFD007D1606 /* GeoPosTests.swift */ = {isa = PBXFileReference; lastKnownFileType = sourcecode.swift; path = GeoPosTests.swift; sourceTree = "<group>"; };
		3438DD7E26161DFD007D1606 /* Info.plist */ = {isa = PBXFileReference; lastKnownFileType = text.plist.xml; path = Info.plist; sourceTree = "<group>"; };
		3438DD8326161DFD007D1606 /* GeoPosUITests.xctest */ = {isa = PBXFileReference; explicitFileType = wrapper.cfbundle; includeInIndex = 0; path = GeoPosUITests.xctest; sourceTree = BUILT_PRODUCTS_DIR; };
		3438DD8726161DFD007D1606 /* GeoPosUITests.swift */ = {isa = PBXFileReference; lastKnownFileType = sourcecode.swift; path = GeoPosUITests.swift; sourceTree = "<group>"; };
		3438DD8926161DFD007D1606 /* Info.plist */ = {isa = PBXFileReference; lastKnownFileType = text.plist.xml; path = Info.plist; sourceTree = "<group>"; };
		3438DD952616274E007D1606 /* Secrets.swift */ = {isa = PBXFileReference; lastKnownFileType = sourcecode.swift; name = Secrets.swift; path = ../Secrets.swift; sourceTree = "<group>"; };
		3438DD97261B5F9E007D1606 /* DBService.swift */ = {isa = PBXFileReference; lastKnownFileType = sourcecode.swift; path = DBService.swift; sourceTree = "<group>"; };
		3438DD9A261CBA3A007D1606 /* MapPresenter.swift */ = {isa = PBXFileReference; lastKnownFileType = sourcecode.swift; path = MapPresenter.swift; sourceTree = "<group>"; };
		3438DD9D261CBA3A007D1606 /* MapModels.swift */ = {isa = PBXFileReference; lastKnownFileType = sourcecode.swift; path = MapModels.swift; sourceTree = "<group>"; };
		3438DD9E261CBA3A007D1606 /* MapViewController.swift */ = {isa = PBXFileReference; lastKnownFileType = sourcecode.swift; path = MapViewController.swift; sourceTree = "<group>"; };
		3438DD9F261CBA3A007D1606 /* MapInteractor.swift */ = {isa = PBXFileReference; lastKnownFileType = sourcecode.swift; path = MapInteractor.swift; sourceTree = "<group>"; };
		3438DDA72620335E007D1606 /* Coordinate.swift */ = {isa = PBXFileReference; lastKnownFileType = sourcecode.swift; path = Coordinate.swift; sourceTree = "<group>"; };
		3438DDAA26203442007D1606 /* User.swift */ = {isa = PBXFileReference; lastKnownFileType = sourcecode.swift; path = User.swift; sourceTree = "<group>"; };
		3438DDAD26203B02007D1606 /* AuthViewController.swift */ = {isa = PBXFileReference; lastKnownFileType = sourcecode.swift; path = AuthViewController.swift; sourceTree = "<group>"; };
		3438DDAF26208DCC007D1606 /* BaseCoordinator.swift */ = {isa = PBXFileReference; lastKnownFileType = sourcecode.swift; path = BaseCoordinator.swift; sourceTree = "<group>"; };
		3438DDB126208E41007D1606 /* ApplicationCoordinator.swift */ = {isa = PBXFileReference; lastKnownFileType = sourcecode.swift; path = ApplicationCoordinator.swift; sourceTree = "<group>"; };
		3438DDB326208EE5007D1606 /* MapCoordinator.swift */ = {isa = PBXFileReference; lastKnownFileType = sourcecode.swift; path = MapCoordinator.swift; sourceTree = "<group>"; };
		3438DDB526208FB8007D1606 /* Storyboard.swift */ = {isa = PBXFileReference; lastKnownFileType = sourcecode.swift; path = Storyboard.swift; sourceTree = "<group>"; };
		3438DDB726209208007D1606 /* AuthCoordinator.swift */ = {isa = PBXFileReference; lastKnownFileType = sourcecode.swift; path = AuthCoordinator.swift; sourceTree = "<group>"; };
		44210089606CF484F08C582A /* Pods_GeoPos_GeoPosUITests.framework */ = {isa = PBXFileReference; explicitFileType = wrapper.framework; includeInIndex = 0; path = Pods_GeoPos_GeoPosUITests.framework; sourceTree = BUILT_PRODUCTS_DIR; };
		57651F49620BCC3F5F94B692 /* Pods-GeoPosTests.release.xcconfig */ = {isa = PBXFileReference; includeInIndex = 1; lastKnownFileType = text.xcconfig; name = "Pods-GeoPosTests.release.xcconfig"; path = "Target Support Files/Pods-GeoPosTests/Pods-GeoPosTests.release.xcconfig"; sourceTree = "<group>"; };
		694DFC1F3EDB51806E2D5043 /* Pods_GeoPos.framework */ = {isa = PBXFileReference; explicitFileType = wrapper.framework; includeInIndex = 0; path = Pods_GeoPos.framework; sourceTree = BUILT_PRODUCTS_DIR; };
		79C8EC6D6F85DAB4754A1885 /* Pods-GeoPos-GeoPosUITests.release.xcconfig */ = {isa = PBXFileReference; includeInIndex = 1; lastKnownFileType = text.xcconfig; name = "Pods-GeoPos-GeoPosUITests.release.xcconfig"; path = "Target Support Files/Pods-GeoPos-GeoPosUITests/Pods-GeoPos-GeoPosUITests.release.xcconfig"; sourceTree = "<group>"; };
		7F1CD600CA0DD057F2FE71F0 /* Pods_GeoPosTests.framework */ = {isa = PBXFileReference; explicitFileType = wrapper.framework; includeInIndex = 0; path = Pods_GeoPosTests.framework; sourceTree = BUILT_PRODUCTS_DIR; };
		9FAC1459B2AD557592B4A055 /* Pods-GeoPos.debug.xcconfig */ = {isa = PBXFileReference; includeInIndex = 1; lastKnownFileType = text.xcconfig; name = "Pods-GeoPos.debug.xcconfig"; path = "Target Support Files/Pods-GeoPos/Pods-GeoPos.debug.xcconfig"; sourceTree = "<group>"; };
		D896EED9D1EAAE87873F837D /* Pods-GeoPosTests.debug.xcconfig */ = {isa = PBXFileReference; includeInIndex = 1; lastKnownFileType = text.xcconfig; name = "Pods-GeoPosTests.debug.xcconfig"; path = "Target Support Files/Pods-GeoPosTests/Pods-GeoPosTests.debug.xcconfig"; sourceTree = "<group>"; };
		F9B768E45BA000690F6FEE65 /* Pods-GeoPos-GeoPosUITests.debug.xcconfig */ = {isa = PBXFileReference; includeInIndex = 1; lastKnownFileType = text.xcconfig; name = "Pods-GeoPos-GeoPosUITests.debug.xcconfig"; path = "Target Support Files/Pods-GeoPos-GeoPosUITests/Pods-GeoPos-GeoPosUITests.debug.xcconfig"; sourceTree = "<group>"; };
/* End PBXFileReference section */

/* Begin PBXFrameworksBuildPhase section */
		3438DD5F26161DFB007D1606 /* Frameworks */ = {
			isa = PBXFrameworksBuildPhase;
			buildActionMask = 2147483647;
			files = (
				7587DAD1A104781423BB83D6 /* Pods_GeoPos.framework in Frameworks */,
			);
			runOnlyForDeploymentPostprocessing = 0;
		};
		3438DD7526161DFD007D1606 /* Frameworks */ = {
			isa = PBXFrameworksBuildPhase;
			buildActionMask = 2147483647;
			files = (
				E11959D5F503BCB6A9C87EE1 /* Pods_GeoPosTests.framework in Frameworks */,
			);
			runOnlyForDeploymentPostprocessing = 0;
		};
		3438DD8026161DFD007D1606 /* Frameworks */ = {
			isa = PBXFrameworksBuildPhase;
			buildActionMask = 2147483647;
			files = (
				14A5F332231E577F028D5F1D /* Pods_GeoPos_GeoPosUITests.framework in Frameworks */,
			);
			runOnlyForDeploymentPostprocessing = 0;
		};
/* End PBXFrameworksBuildPhase section */

/* Begin PBXGroup section */
		3438DD5926161DFB007D1606 = {
			isa = PBXGroup;
			children = (
				3438DD6426161DFB007D1606 /* GeoPos */,
				3438DD7B26161DFD007D1606 /* GeoPosTests */,
				3438DD8626161DFD007D1606 /* GeoPosUITests */,
				3438DD6326161DFB007D1606 /* Products */,
				7813C602F04BF49E07445C67 /* Pods */,
				BD88FDFA783A93768067B8A1 /* Frameworks */,
			);
			sourceTree = "<group>";
		};
		3438DD6326161DFB007D1606 /* Products */ = {
			isa = PBXGroup;
			children = (
				3438DD6226161DFB007D1606 /* GeoPos.app */,
				3438DD7826161DFD007D1606 /* GeoPosTests.xctest */,
				3438DD8326161DFD007D1606 /* GeoPosUITests.xctest */,
			);
			name = Products;
			sourceTree = "<group>";
		};
		3438DD6426161DFB007D1606 /* GeoPos */ = {
			isa = PBXGroup;
			children = (
				3438DDAC26203A2A007D1606 /* Auth */,
				3438DDA926203379007D1606 /* Service */,
				3438DDA62620332A007D1606 /* Model */,
				3438DD99261CB9F0007D1606 /* Map */,
				3438DD6526161DFB007D1606 /* AppDelegate.swift */,
				3438DD6726161DFB007D1606 /* SceneDelegate.swift */,
				3438DD6B26161DFB007D1606 /* Main.storyboard */,
				3438DD6E26161DFD007D1606 /* Assets.xcassets */,
				3438DD7026161DFD007D1606 /* LaunchScreen.storyboard */,
				3438DD7326161DFD007D1606 /* Info.plist */,
				3438DDAF26208DCC007D1606 /* BaseCoordinator.swift */,
				3438DDB126208E41007D1606 /* ApplicationCoordinator.swift */,
				3438DDB526208FB8007D1606 /* Storyboard.swift */,
			);
			path = GeoPos;
			sourceTree = "<group>";
		};
		3438DD7B26161DFD007D1606 /* GeoPosTests */ = {
			isa = PBXGroup;
			children = (
				3438DD7C26161DFD007D1606 /* GeoPosTests.swift */,
				3438DD7E26161DFD007D1606 /* Info.plist */,
			);
			path = GeoPosTests;
			sourceTree = "<group>";
		};
		3438DD8626161DFD007D1606 /* GeoPosUITests */ = {
			isa = PBXGroup;
			children = (
				3438DD8726161DFD007D1606 /* GeoPosUITests.swift */,
				3438DD8926161DFD007D1606 /* Info.plist */,
			);
			path = GeoPosUITests;
			sourceTree = "<group>";
		};
		3438DD99261CB9F0007D1606 /* Map */ = {
			isa = PBXGroup;
			children = (
				3438DD9A261CBA3A007D1606 /* MapPresenter.swift */,
				3438DD9D261CBA3A007D1606 /* MapModels.swift */,
				3438DD9E261CBA3A007D1606 /* MapViewController.swift */,
				3438DD9F261CBA3A007D1606 /* MapInteractor.swift */,
				3438DDB326208EE5007D1606 /* MapCoordinator.swift */,
			);
			path = Map;
			sourceTree = "<group>";
		};
		3438DDA62620332A007D1606 /* Model */ = {
			isa = PBXGroup;
			children = (
				3438DDA72620335E007D1606 /* Coordinate.swift */,
				3438DDAA26203442007D1606 /* User.swift */,
			);
			path = Model;
			sourceTree = "<group>";
		};
		3438DDA926203379007D1606 /* Service */ = {
			isa = PBXGroup;
			children = (
				3438DD97261B5F9E007D1606 /* DBService.swift */,
				3438DD952616274E007D1606 /* Secrets.swift */,
			);
			path = Service;
			sourceTree = "<group>";
		};
		3438DDAC26203A2A007D1606 /* Auth */ = {
			isa = PBXGroup;
			children = (
				3438DDAD26203B02007D1606 /* AuthViewController.swift */,
				3438DDB726209208007D1606 /* AuthCoordinator.swift */,
			);
			path = Auth;
			sourceTree = "<group>";
		};
		7813C602F04BF49E07445C67 /* Pods */ = {
			isa = PBXGroup;
			children = (
				9FAC1459B2AD557592B4A055 /* Pods-GeoPos.debug.xcconfig */,
				1530AAA11FCFA56054BC9BB7 /* Pods-GeoPos.release.xcconfig */,
				F9B768E45BA000690F6FEE65 /* Pods-GeoPos-GeoPosUITests.debug.xcconfig */,
				79C8EC6D6F85DAB4754A1885 /* Pods-GeoPos-GeoPosUITests.release.xcconfig */,
				D896EED9D1EAAE87873F837D /* Pods-GeoPosTests.debug.xcconfig */,
				57651F49620BCC3F5F94B692 /* Pods-GeoPosTests.release.xcconfig */,
			);
			path = Pods;
			sourceTree = "<group>";
		};
		BD88FDFA783A93768067B8A1 /* Frameworks */ = {
			isa = PBXGroup;
			children = (
				694DFC1F3EDB51806E2D5043 /* Pods_GeoPos.framework */,
				44210089606CF484F08C582A /* Pods_GeoPos_GeoPosUITests.framework */,
				7F1CD600CA0DD057F2FE71F0 /* Pods_GeoPosTests.framework */,
			);
			name = Frameworks;
			sourceTree = "<group>";
		};
/* End PBXGroup section */

/* Begin PBXNativeTarget section */
		3438DD6126161DFB007D1606 /* GeoPos */ = {
			isa = PBXNativeTarget;
			buildConfigurationList = 3438DD8C26161DFD007D1606 /* Build configuration list for PBXNativeTarget "GeoPos" */;
			buildPhases = (
				FE9B918511AD50071913E9AD /* [CP] Check Pods Manifest.lock */,
				3438DD5E26161DFB007D1606 /* Sources */,
				3438DD5F26161DFB007D1606 /* Frameworks */,
				3438DD6026161DFB007D1606 /* Resources */,
				3386E7B8BCA58D0A9115B419 /* [CP] Copy Pods Resources */,
				A63F43BAD1559B1FE41F9AE7 /* [CP] Embed Pods Frameworks */,
			);
			buildRules = (
			);
			dependencies = (
			);
			name = GeoPos;
			productName = GeoPos;
			productReference = 3438DD6226161DFB007D1606 /* GeoPos.app */;
			productType = "com.apple.product-type.application";
		};
		3438DD7726161DFD007D1606 /* GeoPosTests */ = {
			isa = PBXNativeTarget;
			buildConfigurationList = 3438DD8F26161DFD007D1606 /* Build configuration list for PBXNativeTarget "GeoPosTests" */;
			buildPhases = (
				9787B14F6B1F08D6831DB271 /* [CP] Check Pods Manifest.lock */,
				3438DD7426161DFD007D1606 /* Sources */,
				3438DD7526161DFD007D1606 /* Frameworks */,
				3438DD7626161DFD007D1606 /* Resources */,
			);
			buildRules = (
			);
			dependencies = (
				3438DD7A26161DFD007D1606 /* PBXTargetDependency */,
			);
			name = GeoPosTests;
			productName = GeoPosTests;
			productReference = 3438DD7826161DFD007D1606 /* GeoPosTests.xctest */;
			productType = "com.apple.product-type.bundle.unit-test";
		};
		3438DD8226161DFD007D1606 /* GeoPosUITests */ = {
			isa = PBXNativeTarget;
			buildConfigurationList = 3438DD9226161DFD007D1606 /* Build configuration list for PBXNativeTarget "GeoPosUITests" */;
			buildPhases = (
				DDFE328EA8407A1CC1EFEA85 /* [CP] Check Pods Manifest.lock */,
				3438DD7F26161DFD007D1606 /* Sources */,
				3438DD8026161DFD007D1606 /* Frameworks */,
				3438DD8126161DFD007D1606 /* Resources */,
				FAF8D9D5A0331376ABA3CF9C /* [CP] Copy Pods Resources */,
				1C18723CAC9FD282A1621769 /* [CP] Embed Pods Frameworks */,
			);
			buildRules = (
			);
			dependencies = (
				3438DD8526161DFD007D1606 /* PBXTargetDependency */,
			);
			name = GeoPosUITests;
			productName = GeoPosUITests;
			productReference = 3438DD8326161DFD007D1606 /* GeoPosUITests.xctest */;
			productType = "com.apple.product-type.bundle.ui-testing";
		};
/* End PBXNativeTarget section */

/* Begin PBXProject section */
		3438DD5A26161DFB007D1606 /* Project object */ = {
			isa = PBXProject;
			attributes = {
				LastSwiftUpdateCheck = 1140;
				LastUpgradeCheck = 1140;
				ORGANIZATIONNAME = "Ostagram Inc.";
				TargetAttributes = {
					3438DD6126161DFB007D1606 = {
						CreatedOnToolsVersion = 11.4.1;
					};
					3438DD7726161DFD007D1606 = {
						CreatedOnToolsVersion = 11.4.1;
						TestTargetID = 3438DD6126161DFB007D1606;
					};
					3438DD8226161DFD007D1606 = {
						CreatedOnToolsVersion = 11.4.1;
						TestTargetID = 3438DD6126161DFB007D1606;
					};
				};
			};
			buildConfigurationList = 3438DD5D26161DFB007D1606 /* Build configuration list for PBXProject "GeoPos" */;
			compatibilityVersion = "Xcode 9.3";
			developmentRegion = en;
			hasScannedForEncodings = 0;
			knownRegions = (
				en,
				Base,
			);
			mainGroup = 3438DD5926161DFB007D1606;
			productRefGroup = 3438DD6326161DFB007D1606 /* Products */;
			projectDirPath = "";
			projectRoot = "";
			targets = (
				3438DD6126161DFB007D1606 /* GeoPos */,
				3438DD7726161DFD007D1606 /* GeoPosTests */,
				3438DD8226161DFD007D1606 /* GeoPosUITests */,
			);
		};
/* End PBXProject section */

/* Begin PBXResourcesBuildPhase section */
		3438DD6026161DFB007D1606 /* Resources */ = {
			isa = PBXResourcesBuildPhase;
			buildActionMask = 2147483647;
			files = (
				3438DD7226161DFD007D1606 /* LaunchScreen.storyboard in Resources */,
				3438DD6F26161DFD007D1606 /* Assets.xcassets in Resources */,
				3438DD6D26161DFB007D1606 /* Main.storyboard in Resources */,
			);
			runOnlyForDeploymentPostprocessing = 0;
		};
		3438DD7626161DFD007D1606 /* Resources */ = {
			isa = PBXResourcesBuildPhase;
			buildActionMask = 2147483647;
			files = (
			);
			runOnlyForDeploymentPostprocessing = 0;
		};
		3438DD8126161DFD007D1606 /* Resources */ = {
			isa = PBXResourcesBuildPhase;
			buildActionMask = 2147483647;
			files = (
			);
			runOnlyForDeploymentPostprocessing = 0;
		};
/* End PBXResourcesBuildPhase section */

/* Begin PBXShellScriptBuildPhase section */
		1C18723CAC9FD282A1621769 /* [CP] Embed Pods Frameworks */ = {
			isa = PBXShellScriptBuildPhase;
			buildActionMask = 2147483647;
			files = (
			);
			inputFileListPaths = (
				"${PODS_ROOT}/Target Support Files/Pods-GeoPos-GeoPosUITests/Pods-GeoPos-GeoPosUITests-frameworks-${CONFIGURATION}-input-files.xcfilelist",
			);
			name = "[CP] Embed Pods Frameworks";
			outputFileListPaths = (
				"${PODS_ROOT}/Target Support Files/Pods-GeoPos-GeoPosUITests/Pods-GeoPos-GeoPosUITests-frameworks-${CONFIGURATION}-output-files.xcfilelist",
			);
			runOnlyForDeploymentPostprocessing = 0;
			shellPath = /bin/sh;
			shellScript = "\"${PODS_ROOT}/Target Support Files/Pods-GeoPos-GeoPosUITests/Pods-GeoPos-GeoPosUITests-frameworks.sh\"\n";
			showEnvVarsInLog = 0;
		};
		3386E7B8BCA58D0A9115B419 /* [CP] Copy Pods Resources */ = {
			isa = PBXShellScriptBuildPhase;
			buildActionMask = 2147483647;
			files = (
			);
			inputFileListPaths = (
				"${PODS_ROOT}/Target Support Files/Pods-GeoPos/Pods-GeoPos-resources-${CONFIGURATION}-input-files.xcfilelist",
			);
			name = "[CP] Copy Pods Resources";
			outputFileListPaths = (
				"${PODS_ROOT}/Target Support Files/Pods-GeoPos/Pods-GeoPos-resources-${CONFIGURATION}-output-files.xcfilelist",
			);
			runOnlyForDeploymentPostprocessing = 0;
			shellPath = /bin/sh;
			shellScript = "\"${PODS_ROOT}/Target Support Files/Pods-GeoPos/Pods-GeoPos-resources.sh\"\n";
			showEnvVarsInLog = 0;
		};
		9787B14F6B1F08D6831DB271 /* [CP] Check Pods Manifest.lock */ = {
			isa = PBXShellScriptBuildPhase;
			buildActionMask = 2147483647;
			files = (
			);
			inputFileListPaths = (
			);
			inputPaths = (
				"${PODS_PODFILE_DIR_PATH}/Podfile.lock",
				"${PODS_ROOT}/Manifest.lock",
			);
			name = "[CP] Check Pods Manifest.lock";
			outputFileListPaths = (
			);
			outputPaths = (
				"$(DERIVED_FILE_DIR)/Pods-GeoPosTests-checkManifestLockResult.txt",
			);
			runOnlyForDeploymentPostprocessing = 0;
			shellPath = /bin/sh;
			shellScript = "diff \"${PODS_PODFILE_DIR_PATH}/Podfile.lock\" \"${PODS_ROOT}/Manifest.lock\" > /dev/null\nif [ $? != 0 ] ; then\n    # print error to STDERR\n    echo \"error: The sandbox is not in sync with the Podfile.lock. Run 'pod install' or update your CocoaPods installation.\" >&2\n    exit 1\nfi\n# This output is used by Xcode 'outputs' to avoid re-running this script phase.\necho \"SUCCESS\" > \"${SCRIPT_OUTPUT_FILE_0}\"\n";
			showEnvVarsInLog = 0;
		};
		A63F43BAD1559B1FE41F9AE7 /* [CP] Embed Pods Frameworks */ = {
			isa = PBXShellScriptBuildPhase;
			buildActionMask = 2147483647;
			files = (
			);
			inputFileListPaths = (
				"${PODS_ROOT}/Target Support Files/Pods-GeoPos/Pods-GeoPos-frameworks-${CONFIGURATION}-input-files.xcfilelist",
			);
			name = "[CP] Embed Pods Frameworks";
			outputFileListPaths = (
				"${PODS_ROOT}/Target Support Files/Pods-GeoPos/Pods-GeoPos-frameworks-${CONFIGURATION}-output-files.xcfilelist",
			);
			runOnlyForDeploymentPostprocessing = 0;
			shellPath = /bin/sh;
			shellScript = "\"${PODS_ROOT}/Target Support Files/Pods-GeoPos/Pods-GeoPos-frameworks.sh\"\n";
			showEnvVarsInLog = 0;
		};
		DDFE328EA8407A1CC1EFEA85 /* [CP] Check Pods Manifest.lock */ = {
			isa = PBXShellScriptBuildPhase;
			buildActionMask = 2147483647;
			files = (
			);
			inputFileListPaths = (
			);
			inputPaths = (
				"${PODS_PODFILE_DIR_PATH}/Podfile.lock",
				"${PODS_ROOT}/Manifest.lock",
			);
			name = "[CP] Check Pods Manifest.lock";
			outputFileListPaths = (
			);
			outputPaths = (
				"$(DERIVED_FILE_DIR)/Pods-GeoPos-GeoPosUITests-checkManifestLockResult.txt",
			);
			runOnlyForDeploymentPostprocessing = 0;
			shellPath = /bin/sh;
			shellScript = "diff \"${PODS_PODFILE_DIR_PATH}/Podfile.lock\" \"${PODS_ROOT}/Manifest.lock\" > /dev/null\nif [ $? != 0 ] ; then\n    # print error to STDERR\n    echo \"error: The sandbox is not in sync with the Podfile.lock. Run 'pod install' or update your CocoaPods installation.\" >&2\n    exit 1\nfi\n# This output is used by Xcode 'outputs' to avoid re-running this script phase.\necho \"SUCCESS\" > \"${SCRIPT_OUTPUT_FILE_0}\"\n";
			showEnvVarsInLog = 0;
		};
		FAF8D9D5A0331376ABA3CF9C /* [CP] Copy Pods Resources */ = {
			isa = PBXShellScriptBuildPhase;
			buildActionMask = 2147483647;
			files = (
			);
			inputFileListPaths = (
				"${PODS_ROOT}/Target Support Files/Pods-GeoPos-GeoPosUITests/Pods-GeoPos-GeoPosUITests-resources-${CONFIGURATION}-input-files.xcfilelist",
			);
			name = "[CP] Copy Pods Resources";
			outputFileListPaths = (
				"${PODS_ROOT}/Target Support Files/Pods-GeoPos-GeoPosUITests/Pods-GeoPos-GeoPosUITests-resources-${CONFIGURATION}-output-files.xcfilelist",
			);
			runOnlyForDeploymentPostprocessing = 0;
			shellPath = /bin/sh;
			shellScript = "\"${PODS_ROOT}/Target Support Files/Pods-GeoPos-GeoPosUITests/Pods-GeoPos-GeoPosUITests-resources.sh\"\n";
			showEnvVarsInLog = 0;
		};
		FE9B918511AD50071913E9AD /* [CP] Check Pods Manifest.lock */ = {
			isa = PBXShellScriptBuildPhase;
			buildActionMask = 2147483647;
			files = (
			);
			inputFileListPaths = (
			);
			inputPaths = (
				"${PODS_PODFILE_DIR_PATH}/Podfile.lock",
				"${PODS_ROOT}/Manifest.lock",
			);
			name = "[CP] Check Pods Manifest.lock";
			outputFileListPaths = (
			);
			outputPaths = (
				"$(DERIVED_FILE_DIR)/Pods-GeoPos-checkManifestLockResult.txt",
			);
			runOnlyForDeploymentPostprocessing = 0;
			shellPath = /bin/sh;
			shellScript = "diff \"${PODS_PODFILE_DIR_PATH}/Podfile.lock\" \"${PODS_ROOT}/Manifest.lock\" > /dev/null\nif [ $? != 0 ] ; then\n    # print error to STDERR\n    echo \"error: The sandbox is not in sync with the Podfile.lock. Run 'pod install' or update your CocoaPods installation.\" >&2\n    exit 1\nfi\n# This output is used by Xcode 'outputs' to avoid re-running this script phase.\necho \"SUCCESS\" > \"${SCRIPT_OUTPUT_FILE_0}\"\n";
			showEnvVarsInLog = 0;
		};
/* End PBXShellScriptBuildPhase section */

/* Begin PBXSourcesBuildPhase section */
		3438DD5E26161DFB007D1606 /* Sources */ = {
			isa = PBXSourcesBuildPhase;
			buildActionMask = 2147483647;
			files = (
				3438DDAE26203B02007D1606 /* AuthViewController.swift in Sources */,
				3438DDB626208FB8007D1606 /* Storyboard.swift in Sources */,
				3438DD98261B5F9E007D1606 /* DBService.swift in Sources */,
				3438DDB226208E41007D1606 /* ApplicationCoordinator.swift in Sources */,
				3438DDA4261CBA3A007D1606 /* MapViewController.swift in Sources */,
				3438DD962616274E007D1606 /* Secrets.swift in Sources */,
				3438DDB826209208007D1606 /* AuthCoordinator.swift in Sources */,
				3438DDA5261CBA3A007D1606 /* MapInteractor.swift in Sources */,
				3438DDA3261CBA3A007D1606 /* MapModels.swift in Sources */,
				3438DDA82620335E007D1606 /* Coordinate.swift in Sources */,
				3438DDB026208DCC007D1606 /* BaseCoordinator.swift in Sources */,
				3438DDB426208EE5007D1606 /* MapCoordinator.swift in Sources */,
				3438DD6626161DFB007D1606 /* AppDelegate.swift in Sources */,
				3438DD6826161DFB007D1606 /* SceneDelegate.swift in Sources */,
				3438DDAB26203442007D1606 /* User.swift in Sources */,
				3438DDA0261CBA3A007D1606 /* MapPresenter.swift in Sources */,
			);
			runOnlyForDeploymentPostprocessing = 0;
		};
		3438DD7426161DFD007D1606 /* Sources */ = {
			isa = PBXSourcesBuildPhase;
			buildActionMask = 2147483647;
			files = (
				3438DD7D26161DFD007D1606 /* GeoPosTests.swift in Sources */,
			);
			runOnlyForDeploymentPostprocessing = 0;
		};
		3438DD7F26161DFD007D1606 /* Sources */ = {
			isa = PBXSourcesBuildPhase;
			buildActionMask = 2147483647;
			files = (
				3438DD8826161DFD007D1606 /* GeoPosUITests.swift in Sources */,
			);
			runOnlyForDeploymentPostprocessing = 0;
		};
/* End PBXSourcesBuildPhase section */

/* Begin PBXTargetDependency section */
		3438DD7A26161DFD007D1606 /* PBXTargetDependency */ = {
			isa = PBXTargetDependency;
			target = 3438DD6126161DFB007D1606 /* GeoPos */;
			targetProxy = 3438DD7926161DFD007D1606 /* PBXContainerItemProxy */;
		};
		3438DD8526161DFD007D1606 /* PBXTargetDependency */ = {
			isa = PBXTargetDependency;
			target = 3438DD6126161DFB007D1606 /* GeoPos */;
			targetProxy = 3438DD8426161DFD007D1606 /* PBXContainerItemProxy */;
		};
/* End PBXTargetDependency section */

/* Begin PBXVariantGroup section */
		3438DD6B26161DFB007D1606 /* Main.storyboard */ = {
			isa = PBXVariantGroup;
			children = (
				3438DD6C26161DFB007D1606 /* Base */,
			);
			name = Main.storyboard;
			sourceTree = "<group>";
		};
		3438DD7026161DFD007D1606 /* LaunchScreen.storyboard */ = {
			isa = PBXVariantGroup;
			children = (
				3438DD7126161DFD007D1606 /* Base */,
			);
			name = LaunchScreen.storyboard;
			sourceTree = "<group>";
		};
/* End PBXVariantGroup section */

/* Begin XCBuildConfiguration section */
		3438DD8A26161DFD007D1606 /* Debug */ = {
			isa = XCBuildConfiguration;
			buildSettings = {
				ALWAYS_SEARCH_USER_PATHS = NO;
				CLANG_ANALYZER_NONNULL = YES;
				CLANG_ANALYZER_NUMBER_OBJECT_CONVERSION = YES_AGGRESSIVE;
				CLANG_CXX_LANGUAGE_STANDARD = "gnu++14";
				CLANG_CXX_LIBRARY = "libc++";
				CLANG_ENABLE_MODULES = YES;
				CLANG_ENABLE_OBJC_ARC = YES;
				CLANG_ENABLE_OBJC_WEAK = YES;
				CLANG_WARN_BLOCK_CAPTURE_AUTORELEASING = YES;
				CLANG_WARN_BOOL_CONVERSION = YES;
				CLANG_WARN_COMMA = YES;
				CLANG_WARN_CONSTANT_CONVERSION = YES;
				CLANG_WARN_DEPRECATED_OBJC_IMPLEMENTATIONS = YES;
				CLANG_WARN_DIRECT_OBJC_ISA_USAGE = YES_ERROR;
				CLANG_WARN_DOCUMENTATION_COMMENTS = YES;
				CLANG_WARN_EMPTY_BODY = YES;
				CLANG_WARN_ENUM_CONVERSION = YES;
				CLANG_WARN_INFINITE_RECURSION = YES;
				CLANG_WARN_INT_CONVERSION = YES;
				CLANG_WARN_NON_LITERAL_NULL_CONVERSION = YES;
				CLANG_WARN_OBJC_IMPLICIT_RETAIN_SELF = YES;
				CLANG_WARN_OBJC_LITERAL_CONVERSION = YES;
				CLANG_WARN_OBJC_ROOT_CLASS = YES_ERROR;
				CLANG_WARN_RANGE_LOOP_ANALYSIS = YES;
				CLANG_WARN_STRICT_PROTOTYPES = YES;
				CLANG_WARN_SUSPICIOUS_MOVE = YES;
				CLANG_WARN_UNGUARDED_AVAILABILITY = YES_AGGRESSIVE;
				CLANG_WARN_UNREACHABLE_CODE = YES;
				CLANG_WARN__DUPLICATE_METHOD_MATCH = YES;
				COPY_PHASE_STRIP = NO;
				DEBUG_INFORMATION_FORMAT = dwarf;
				ENABLE_STRICT_OBJC_MSGSEND = YES;
				ENABLE_TESTABILITY = YES;
				GCC_C_LANGUAGE_STANDARD = gnu11;
				GCC_DYNAMIC_NO_PIC = NO;
				GCC_NO_COMMON_BLOCKS = YES;
				GCC_OPTIMIZATION_LEVEL = 0;
				GCC_PREPROCESSOR_DEFINITIONS = (
					"DEBUG=1",
					"$(inherited)",
				);
				GCC_WARN_64_TO_32_BIT_CONVERSION = YES;
				GCC_WARN_ABOUT_RETURN_TYPE = YES_ERROR;
				GCC_WARN_UNDECLARED_SELECTOR = YES;
				GCC_WARN_UNINITIALIZED_AUTOS = YES_AGGRESSIVE;
				GCC_WARN_UNUSED_FUNCTION = YES;
				GCC_WARN_UNUSED_VARIABLE = YES;
				IPHONEOS_DEPLOYMENT_TARGET = 13.4;
				MTL_ENABLE_DEBUG_INFO = INCLUDE_SOURCE;
				MTL_FAST_MATH = YES;
				ONLY_ACTIVE_ARCH = YES;
				SDKROOT = iphoneos;
				SWIFT_ACTIVE_COMPILATION_CONDITIONS = DEBUG;
				SWIFT_OPTIMIZATION_LEVEL = "-Onone";
			};
			name = Debug;
		};
		3438DD8B26161DFD007D1606 /* Release */ = {
			isa = XCBuildConfiguration;
			buildSettings = {
				ALWAYS_SEARCH_USER_PATHS = NO;
				CLANG_ANALYZER_NONNULL = YES;
				CLANG_ANALYZER_NUMBER_OBJECT_CONVERSION = YES_AGGRESSIVE;
				CLANG_CXX_LANGUAGE_STANDARD = "gnu++14";
				CLANG_CXX_LIBRARY = "libc++";
				CLANG_ENABLE_MODULES = YES;
				CLANG_ENABLE_OBJC_ARC = YES;
				CLANG_ENABLE_OBJC_WEAK = YES;
				CLANG_WARN_BLOCK_CAPTURE_AUTORELEASING = YES;
				CLANG_WARN_BOOL_CONVERSION = YES;
				CLANG_WARN_COMMA = YES;
				CLANG_WARN_CONSTANT_CONVERSION = YES;
				CLANG_WARN_DEPRECATED_OBJC_IMPLEMENTATIONS = YES;
				CLANG_WARN_DIRECT_OBJC_ISA_USAGE = YES_ERROR;
				CLANG_WARN_DOCUMENTATION_COMMENTS = YES;
				CLANG_WARN_EMPTY_BODY = YES;
				CLANG_WARN_ENUM_CONVERSION = YES;
				CLANG_WARN_INFINITE_RECURSION = YES;
				CLANG_WARN_INT_CONVERSION = YES;
				CLANG_WARN_NON_LITERAL_NULL_CONVERSION = YES;
				CLANG_WARN_OBJC_IMPLICIT_RETAIN_SELF = YES;
				CLANG_WARN_OBJC_LITERAL_CONVERSION = YES;
				CLANG_WARN_OBJC_ROOT_CLASS = YES_ERROR;
				CLANG_WARN_RANGE_LOOP_ANALYSIS = YES;
				CLANG_WARN_STRICT_PROTOTYPES = YES;
				CLANG_WARN_SUSPICIOUS_MOVE = YES;
				CLANG_WARN_UNGUARDED_AVAILABILITY = YES_AGGRESSIVE;
				CLANG_WARN_UNREACHABLE_CODE = YES;
				CLANG_WARN__DUPLICATE_METHOD_MATCH = YES;
				COPY_PHASE_STRIP = NO;
				DEBUG_INFORMATION_FORMAT = "dwarf-with-dsym";
				ENABLE_NS_ASSERTIONS = NO;
				ENABLE_STRICT_OBJC_MSGSEND = YES;
				GCC_C_LANGUAGE_STANDARD = gnu11;
				GCC_NO_COMMON_BLOCKS = YES;
				GCC_WARN_64_TO_32_BIT_CONVERSION = YES;
				GCC_WARN_ABOUT_RETURN_TYPE = YES_ERROR;
				GCC_WARN_UNDECLARED_SELECTOR = YES;
				GCC_WARN_UNINITIALIZED_AUTOS = YES_AGGRESSIVE;
				GCC_WARN_UNUSED_FUNCTION = YES;
				GCC_WARN_UNUSED_VARIABLE = YES;
				IPHONEOS_DEPLOYMENT_TARGET = 13.4;
				MTL_ENABLE_DEBUG_INFO = NO;
				MTL_FAST_MATH = YES;
				SDKROOT = iphoneos;
				SWIFT_COMPILATION_MODE = wholemodule;
				SWIFT_OPTIMIZATION_LEVEL = "-O";
				VALIDATE_PRODUCT = YES;
			};
			name = Release;
		};
		3438DD8D26161DFD007D1606 /* Debug */ = {
			isa = XCBuildConfiguration;
			baseConfigurationReference = 9FAC1459B2AD557592B4A055 /* Pods-GeoPos.debug.xcconfig */;
			buildSettings = {
				ASSETCATALOG_COMPILER_APPICON_NAME = AppIcon;
				CODE_SIGN_STYLE = Automatic;
				DEVELOPMENT_TEAM = GRAL3CBVS6;
				INFOPLIST_FILE = GeoPos/Info.plist;
				LD_RUNPATH_SEARCH_PATHS = (
					"$(inherited)",
					"@executable_path/Frameworks",
				);
				PRODUCT_BUNDLE_IDENTIFIER = com.morugins.GeoPos;
				PRODUCT_NAME = "$(TARGET_NAME)";
				SWIFT_VERSION = 5.0;
				TARGETED_DEVICE_FAMILY = "1,2";
			};
			name = Debug;
		};
		3438DD8E26161DFD007D1606 /* Release */ = {
			isa = XCBuildConfiguration;
			baseConfigurationReference = 1530AAA11FCFA56054BC9BB7 /* Pods-GeoPos.release.xcconfig */;
			buildSettings = {
				ASSETCATALOG_COMPILER_APPICON_NAME = AppIcon;
				CODE_SIGN_STYLE = Automatic;
				DEVELOPMENT_TEAM = GRAL3CBVS6;
				INFOPLIST_FILE = GeoPos/Info.plist;
				LD_RUNPATH_SEARCH_PATHS = (
					"$(inherited)",
					"@executable_path/Frameworks",
				);
				PRODUCT_BUNDLE_IDENTIFIER = com.morugins.GeoPos;
				PRODUCT_NAME = "$(TARGET_NAME)";
				SWIFT_VERSION = 5.0;
				TARGETED_DEVICE_FAMILY = "1,2";
			};
			name = Release;
		};
		3438DD9026161DFD007D1606 /* Debug */ = {
			isa = XCBuildConfiguration;
			baseConfigurationReference = D896EED9D1EAAE87873F837D /* Pods-GeoPosTests.debug.xcconfig */;
			buildSettings = {
				ALWAYS_EMBED_SWIFT_STANDARD_LIBRARIES = YES;
				BUNDLE_LOADER = "$(TEST_HOST)";
				CODE_SIGN_STYLE = Automatic;
				DEVELOPMENT_TEAM = GRAL3CBVS6;
				INFOPLIST_FILE = GeoPosTests/Info.plist;
				IPHONEOS_DEPLOYMENT_TARGET = 13.4;
				LD_RUNPATH_SEARCH_PATHS = (
					"$(inherited)",
					"@executable_path/Frameworks",
					"@loader_path/Frameworks",
				);
				PRODUCT_BUNDLE_IDENTIFIER = com.morugins.GeoPosTests;
				PRODUCT_NAME = "$(TARGET_NAME)";
				SWIFT_VERSION = 5.0;
				TARGETED_DEVICE_FAMILY = "1,2";
				TEST_HOST = "$(BUILT_PRODUCTS_DIR)/GeoPos.app/GeoPos";
			};
			name = Debug;
		};
		3438DD9126161DFD007D1606 /* Release */ = {
			isa = XCBuildConfiguration;
			baseConfigurationReference = 57651F49620BCC3F5F94B692 /* Pods-GeoPosTests.release.xcconfig */;
			buildSettings = {
				ALWAYS_EMBED_SWIFT_STANDARD_LIBRARIES = YES;
				BUNDLE_LOADER = "$(TEST_HOST)";
				CODE_SIGN_STYLE = Automatic;
				DEVELOPMENT_TEAM = GRAL3CBVS6;
				INFOPLIST_FILE = GeoPosTests/Info.plist;
				IPHONEOS_DEPLOYMENT_TARGET = 13.4;
				LD_RUNPATH_SEARCH_PATHS = (
					"$(inherited)",
					"@executable_path/Frameworks",
					"@loader_path/Frameworks",
				);
				PRODUCT_BUNDLE_IDENTIFIER = com.morugins.GeoPosTests;
				PRODUCT_NAME = "$(TARGET_NAME)";
				SWIFT_VERSION = 5.0;
				TARGETED_DEVICE_FAMILY = "1,2";
				TEST_HOST = "$(BUILT_PRODUCTS_DIR)/GeoPos.app/GeoPos";
			};
			name = Release;
		};
		3438DD9326161DFD007D1606 /* Debug */ = {
			isa = XCBuildConfiguration;
			baseConfigurationReference = F9B768E45BA000690F6FEE65 /* Pods-GeoPos-GeoPosUITests.debug.xcconfig */;
			buildSettings = {
				ALWAYS_EMBED_SWIFT_STANDARD_LIBRARIES = YES;
				CODE_SIGN_STYLE = Automatic;
				DEVELOPMENT_TEAM = GRAL3CBVS6;
				INFOPLIST_FILE = GeoPosUITests/Info.plist;
				LD_RUNPATH_SEARCH_PATHS = (
					"$(inherited)",
					"@executable_path/Frameworks",
					"@loader_path/Frameworks",
				);
				PRODUCT_BUNDLE_IDENTIFIER = com.morugins.GeoPosUITests;
				PRODUCT_NAME = "$(TARGET_NAME)";
				SWIFT_VERSION = 5.0;
				TARGETED_DEVICE_FAMILY = "1,2";
				TEST_TARGET_NAME = GeoPos;
			};
			name = Debug;
		};
		3438DD9426161DFD007D1606 /* Release */ = {
			isa = XCBuildConfiguration;
			baseConfigurationReference = 79C8EC6D6F85DAB4754A1885 /* Pods-GeoPos-GeoPosUITests.release.xcconfig */;
			buildSettings = {
				ALWAYS_EMBED_SWIFT_STANDARD_LIBRARIES = YES;
				CODE_SIGN_STYLE = Automatic;
				DEVELOPMENT_TEAM = GRAL3CBVS6;
				INFOPLIST_FILE = GeoPosUITests/Info.plist;
				LD_RUNPATH_SEARCH_PATHS = (
					"$(inherited)",
					"@executable_path/Frameworks",
					"@loader_path/Frameworks",
				);
				PRODUCT_BUNDLE_IDENTIFIER = com.morugins.GeoPosUITests;
				PRODUCT_NAME = "$(TARGET_NAME)";
				SWIFT_VERSION = 5.0;
				TARGETED_DEVICE_FAMILY = "1,2";
				TEST_TARGET_NAME = GeoPos;
			};
			name = Release;
		};
/* End XCBuildConfiguration section */

/* Begin XCConfigurationList section */
		3438DD5D26161DFB007D1606 /* Build configuration list for PBXProject "GeoPos" */ = {
			isa = XCConfigurationList;
			buildConfigurations = (
				3438DD8A26161DFD007D1606 /* Debug */,
				3438DD8B26161DFD007D1606 /* Release */,
			);
			defaultConfigurationIsVisible = 0;
			defaultConfigurationName = Release;
		};
		3438DD8C26161DFD007D1606 /* Build configuration list for PBXNativeTarget "GeoPos" */ = {
			isa = XCConfigurationList;
			buildConfigurations = (
				3438DD8D26161DFD007D1606 /* Debug */,
				3438DD8E26161DFD007D1606 /* Release */,
			);
			defaultConfigurationIsVisible = 0;
			defaultConfigurationName = Release;
		};
		3438DD8F26161DFD007D1606 /* Build configuration list for PBXNativeTarget "GeoPosTests" */ = {
			isa = XCConfigurationList;
			buildConfigurations = (
				3438DD9026161DFD007D1606 /* Debug */,
				3438DD9126161DFD007D1606 /* Release */,
			);
			defaultConfigurationIsVisible = 0;
			defaultConfigurationName = Release;
		};
		3438DD9226161DFD007D1606 /* Build configuration list for PBXNativeTarget "GeoPosUITests" */ = {
			isa = XCConfigurationList;
			buildConfigurations = (
				3438DD9326161DFD007D1606 /* Debug */,
				3438DD9426161DFD007D1606 /* Release */,
			);
			defaultConfigurationIsVisible = 0;
			defaultConfigurationName = Release;
		};
/* End XCConfigurationList section */
	};
	rootObject = 3438DD5A26161DFB007D1606 /* Project object */;
}
